# THIS IS AN AUTOGENERATED FILE. DO NOT EDIT THIS FILE DIRECTLY.
# yarn lockfile v1


"@vue/cli-plugin-vuex@~4.5.0":
  version "4.5.15"
  resolved "https://registry.yarnpkg.com/@vue/cli-plugin-vuex/-/cli-plugin-vuex-4.5.15.tgz#466c1f02777d02fef53a9bb49a36cc3a3bcfec4e"
  integrity sha512-fqap+4HN+w+InDxlA3hZTOGE0tzBTgXhKLoDydhywqgmhQ1D9JA6Feh94ze6tG8DsWX58/ujYUqA8jAz17FJtg==

vuex@^3.4.0:
  version "3.6.2"
  resolved "https://registry.yarnpkg.com/vuex/-/vuex-3.6.2.tgz#236bc086a870c3ae79946f107f16de59d5895e71"
  integrity sha512-ETW44IqCgBpVomy520DT5jf8n0zoCac+sxWnn+hMe/CzaSejb/eVw2YToiXYX+Ex/AuHHia28vWTq4goAexFbw==
